
Microsoft Visual Studio Solution File, Format Version 12.00
# Visual Studio 14
VisualStudioVersion = 14.0.25008.0
MinimumVisualStudioVersion = 10.0.40219.1
Project("{FAE04EC0-301F-11D3-BF4B-00C04F79EFBC}") = "Obvs.MessageDispatcher.Autofac", "Obvs.MessageDispatcher.Autofac\Obvs.MessageDispatcher.Autofac.csproj", "{A375531F-CBD6-42E6-B5E3-630AA0A84FF6}"
EndProject
Project("{2150E333-8FDC-42A3-9474-1A3956D46DE8}") = "Solution Items", "Solution Items", "{5C555BEB-B34F-4444-816D-C8FA243EAA45}"
	ProjectSection(SolutionItems) = preProject
		README.md = README.md
	EndProjectSection
EndProject
Global
	GlobalSection(SolutionConfigurationPlatforms) = preSolution
		Debug|Any CPU = Debug|Any CPU
		Release|Any CPU = Release|Any CPU
	EndGlobalSection
	GlobalSection(ProjectConfigurationPlatforms) = postSolution
		{A375531F-CBD6-42E6-B5E3-630AA0A84FF6}.Debug|Any CPU.ActiveCfg = Debug|Any CPU
		{A375531F-CBD6-42E6-B5E3-630AA0A84FF6}.Debug|Any CPU.Build.0 = Debug|Any CPU
		{A375531F-CBD6-42E6-B5E3-630AA0A84FF6}.Release|Any CPU.ActiveCfg = Release|Any CPU
		{A375531F-CBD6-42E6-B5E3-630AA0A84FF6}.Release|Any CPU.Build.0 = Release|Any CPU
	EndGlobalSection
	GlobalSection(SolutionProperties) = preSolution
		HideSolutionNode = FALSE
	EndGlobalSection
EndGlobal
